
Microsoft Visual Studio Solution File, Format Version 12.00
# Visual Studio Version 17
VisualStudioVersion = 17.8.34408.163
MinimumVisualStudioVersion = 10.0.40219.1
Project("{9A19103F-16F7-4668-BE54-9A1E7A4F7556}") = "TrainingDay.Maui", "TrainingDay.Maui\TrainingDay.Maui.csproj", "{9BFEB7BA-14C8-40CF-9BD3-AB2496C22366}"
EndProject
Project("{2150E333-8FDC-42A3-9474-1A3956D46DE8}") = "Plugins", "Plugins", "{74805808-80E1-4336-B7A7-70E608FCD2ED}"
EndProject
Project("{9A19103F-16F7-4668-BE54-9A1E7A4F7556}") = "TrainingDay.Common", "..\olezhko\TrainingDay-Core\TrainingDay.Common\TrainingDay.Common.csproj", "{B1B15788-AFDB-4957-9011-C148CF0D9C50}"
EndProject
Global
	GlobalSection(SolutionConfigurationPlatforms) = preSolution
		Debug|Any CPU = Debug|Any CPU
		Release|Any CPU = Release|Any CPU
	EndGlobalSection
	GlobalSection(ProjectConfigurationPlatforms) = postSolution
		{9BFEB7BA-14C8-40CF-9BD3-AB2496C22366}.Debug|Any CPU.ActiveCfg = Debug|Any CPU
		{9BFEB7BA-14C8-40CF-9BD3-AB2496C22366}.Debug|Any CPU.Build.0 = Debug|Any CPU
		{9BFEB7BA-14C8-40CF-9BD3-AB2496C22366}.Debug|Any CPU.Deploy.0 = Debug|Any CPU
		{9BFEB7BA-14C8-40CF-9BD3-AB2496C22366}.Release|Any CPU.ActiveCfg = Release|Any CPU
		{9BFEB7BA-14C8-40CF-9BD3-AB2496C22366}.Release|Any CPU.Build.0 = Release|Any CPU
		{9BFEB7BA-14C8-40CF-9BD3-AB2496C22366}.Release|Any CPU.Deploy.0 = Release|Any CPU
		{B1B15788-AFDB-4957-9011-C148CF0D9C50}.Debug|Any CPU.ActiveCfg = Debug|Any CPU
		{B1B15788-AFDB-4957-9011-C148CF0D9C50}.Debug|Any CPU.Build.0 = Debug|Any CPU
		{B1B15788-AFDB-4957-9011-C148CF0D9C50}.Release|Any CPU.ActiveCfg = Release|Any CPU
		{B1B15788-AFDB-4957-9011-C148CF0D9C50}.Release|Any CPU.Build.0 = Release|Any CPU
	EndGlobalSection
	GlobalSection(SolutionProperties) = preSolution
		HideSolutionNode = FALSE
	EndGlobalSection
	GlobalSection(ExtensibilityGlobals) = postSolution
		SolutionGuid = {E2CF832D-6A9F-4EB4-93FF-107AD2A85EFE}
	EndGlobalSection
EndGlobal
